
Microsoft Visual Studio Solution File, Format Version 12.00
# Visual Studio Version 17
VisualStudioVersion = 17.11.35208.52
MinimumVisualStudioVersion = 10.0.40219.1
Project("{FAE04EC0-301F-11D3-BF4B-00C04F79EFBC}") = "APICatalago", "APICatalago\APICatalago.csproj", "{111A9CD7-271E-4C02-AA82-23A66A323DB9}"
EndProject
Global
	GlobalSection(SolutionConfigurationPlatforms) = preSolution
		Debug|Any CPU = Debug|Any CPU
		Release|Any CPU = Release|Any CPU
	EndGlobalSection
	GlobalSection(ProjectConfigurationPlatforms) = postSolution
		{111A9CD7-271E-4C02-AA82-23A66A323DB9}.Debug|Any CPU.ActiveCfg = Debug|Any CPU
		{111A9CD7-271E-4C02-AA82-23A66A323DB9}.Debug|Any CPU.Build.0 = Debug|Any CPU
		{111A9CD7-271E-4C02-AA82-23A66A323DB9}.Release|Any CPU.ActiveCfg = Release|Any CPU
		{111A9CD7-271E-4C02-AA82-23A66A323DB9}.Release|Any CPU.Build.0 = Release|Any CPU
	EndGlobalSection
	GlobalSection(SolutionProperties) = preSolution
		HideSolutionNode = FALSE
	EndGlobalSection
	GlobalSection(ExtensibilityGlobals) = postSolution
		SolutionGuid = {41C82C5F-EF4A-4A32-B581-14328134F940}
	EndGlobalSection
EndGlobal
